
Microsoft Visual Studio Solution File, Format Version 12.00
# Visual Studio Version 17
VisualStudioVersion = 17.3.32825.248
MinimumVisualStudioVersion = 10.0.40219.1
Project("{9A19103F-16F7-4668-BE54-9A1E7A4F7556}") = "PSA.Server", "PSA\Server\PSA.Server.csproj", "{97D3E64E-F2B4-41E1-B7A1-2E95CC2D7DB3}"
EndProject
Project("{9A19103F-16F7-4668-BE54-9A1E7A4F7556}") = "PSA.Client", "PSA\Client\PSA.Client.csproj", "{0CD8414A-8B59-4A82-B982-058672979180}"
EndProject
Project("{9A19103F-16F7-4668-BE54-9A1E7A4F7556}") = "PSA.Shared", "PSA\Shared\PSA.Shared.csproj", "{047ACAF1-4CC0-43A9-B684-7C8D2BB97F5F}"
EndProject
Project("{9A19103F-16F7-4668-BE54-9A1E7A4F7556}") = "PSA.ServerTests", "PSA\PSA.ServerTests\PSA.ServerTests.csproj", "{DCDFE6AD-01C1-46E0-AE8A-7995942730FE}"
EndProject
Project("{FAE04EC0-301F-11D3-BF4B-00C04F79EFBC}") = "PSA.ClientTests", "PSA.ClientTests\PSA.ClientTests.csproj", "{04B3A4C9-5D0E-4DDE-B4A7-AEDE465BA7B7}"
EndProject
Global
	GlobalSection(SolutionConfigurationPlatforms) = preSolution
		Debug|Any CPU = Debug|Any CPU
		Release|Any CPU = Release|Any CPU
	EndGlobalSection
	GlobalSection(ProjectConfigurationPlatforms) = postSolution
		{97D3E64E-F2B4-41E1-B7A1-2E95CC2D7DB3}.Debug|Any CPU.ActiveCfg = Debug|Any CPU
		{97D3E64E-F2B4-41E1-B7A1-2E95CC2D7DB3}.Debug|Any CPU.Build.0 = Debug|Any CPU
		{97D3E64E-F2B4-41E1-B7A1-2E95CC2D7DB3}.Release|Any CPU.ActiveCfg = Release|Any CPU
		{97D3E64E-F2B4-41E1-B7A1-2E95CC2D7DB3}.Release|Any CPU.Build.0 = Release|Any CPU
		{0CD8414A-8B59-4A82-B982-058672979180}.Debug|Any CPU.ActiveCfg = Debug|Any CPU
		{0CD8414A-8B59-4A82-B982-058672979180}.Debug|Any CPU.Build.0 = Debug|Any CPU
		{0CD8414A-8B59-4A82-B982-058672979180}.Release|Any CPU.ActiveCfg = Release|Any CPU
		{0CD8414A-8B59-4A82-B982-058672979180}.Release|Any CPU.Build.0 = Release|Any CPU
		{047ACAF1-4CC0-43A9-B684-7C8D2BB97F5F}.Debug|Any CPU.ActiveCfg = Debug|Any CPU
		{047ACAF1-4CC0-43A9-B684-7C8D2BB97F5F}.Debug|Any CPU.Build.0 = Debug|Any CPU
		{047ACAF1-4CC0-43A9-B684-7C8D2BB97F5F}.Release|Any CPU.ActiveCfg = Release|Any CPU
		{047ACAF1-4CC0-43A9-B684-7C8D2BB97F5F}.Release|Any CPU.Build.0 = Release|Any CPU
		{DCDFE6AD-01C1-46E0-AE8A-7995942730FE}.Debug|Any CPU.ActiveCfg = Debug|Any CPU
		{DCDFE6AD-01C1-46E0-AE8A-7995942730FE}.Debug|Any CPU.Build.0 = Debug|Any CPU
		{DCDFE6AD-01C1-46E0-AE8A-7995942730FE}.Release|Any CPU.ActiveCfg = Release|Any CPU
		{DCDFE6AD-01C1-46E0-AE8A-7995942730FE}.Release|Any CPU.Build.0 = Release|Any CPU
		{04B3A4C9-5D0E-4DDE-B4A7-AEDE465BA7B7}.Debug|Any CPU.ActiveCfg = Debug|Any CPU
		{04B3A4C9-5D0E-4DDE-B4A7-AEDE465BA7B7}.Debug|Any CPU.Build.0 = Debug|Any CPU
		{04B3A4C9-5D0E-4DDE-B4A7-AEDE465BA7B7}.Release|Any CPU.ActiveCfg = Release|Any CPU
		{04B3A4C9-5D0E-4DDE-B4A7-AEDE465BA7B7}.Release|Any CPU.Build.0 = Release|Any CPU
	EndGlobalSection
	GlobalSection(SolutionProperties) = preSolution
		HideSolutionNode = FALSE
	EndGlobalSection
	GlobalSection(ExtensibilityGlobals) = postSolution
		SolutionGuid = {E53BE011-2237-46C5-A3BC-517B257DC01D}
	EndGlobalSection
EndGlobal
